
Microsoft Visual Studio Solution File, Format Version 12.00
# Visual Studio Express 2012 for Windows Desktop
Project("{FAE04EC0-301F-11D3-BF4B-00C04F79EFBC}") = "1.Sumof3Numbers", "1.Sumof3Numbers\1.Sumof3Numbers.csproj", "{62BB3C54-DB9B-4417-A105-A3DEF6531BE0}"
EndProject
Project("{FAE04EC0-301F-11D3-BF4B-00C04F79EFBC}") = "2.PrintCompanyInformation", "2.PrintCompanyInformation\2.PrintCompanyInformation.csproj", "{0302A694-05EA-4396-A9E1-F63EC8D860BE}"
EndProject
Project("{FAE04EC0-301F-11D3-BF4B-00C04F79EFBC}") = "3.CirclePerimeterAndArea", "3.CirclePerimeterAndArea\3.CirclePerimeterAndArea.csproj", "{3364B1DE-BAFE-4D57-91A6-8F3F5FE0FD1A}"
EndProject
Project("{FAE04EC0-301F-11D3-BF4B-00C04F79EFBC}") = "4.NumberComparer", "4.NumberComparer\4.NumberComparer.csproj", "{568EE909-BA91-486F-869A-8625ECE91EAF}"
EndProject
Project("{FAE04EC0-301F-11D3-BF4B-00C04F79EFBC}") = "5.FormattingNumbers", "5.FormattingNumbers\5.FormattingNumbers.csproj", "{13F06DE5-38D0-41D8-BCF8-9D305D012247}"
EndProject
Project("{FAE04EC0-301F-11D3-BF4B-00C04F79EFBC}") = "6.QuadraticEquation", "6.QuadraticEquation\6.QuadraticEquation.csproj", "{79E1746D-0A99-4077-83F0-849D2DB1B4B1}"
EndProject
Project("{FAE04EC0-301F-11D3-BF4B-00C04F79EFBC}") = "7.SumOfFiveNumbers", "7.SumOfFiveNumbers\7.SumOfFiveNumbers.csproj", "{DD7BD2B0-916B-49D5-A1A6-25DD7A158DD2}"
EndProject
Project("{FAE04EC0-301F-11D3-BF4B-00C04F79EFBC}") = "8.NumbersFrom1ToN", "8.NumbersFrom1ToN\8.NumbersFrom1ToN.csproj", "{E820FABB-3D22-42B7-82B1-209AEAD6FA18}"
EndProject
Project("{FAE04EC0-301F-11D3-BF4B-00C04F79EFBC}") = "9.SumofnNumbers", "9.SumofnNumbers\9.SumofnNumbers.csproj", "{5088201F-7D90-4BF8-997E-B772A0BA4207}"
EndProject
Project("{FAE04EC0-301F-11D3-BF4B-00C04F79EFBC}") = "10.FibonacciNumbers", "10.FibonacciNumbers\10.FibonacciNumbers.csproj", "{1F864A41-D04F-46CA-8C25-295CA7A794ED}"
EndProject
Project("{FAE04EC0-301F-11D3-BF4B-00C04F79EFBC}") = "11.NumbersInIntervalDividableByGivenNumber", "11.NumbersInIntervalDividableByGivenNumber\11.NumbersInIntervalDividableByGivenNumber.csproj", "{B5C42AC2-FCFD-441D-A919-C1F818541D9F}"
EndProject
Global
	GlobalSection(SolutionConfigurationPlatforms) = preSolution
		Debug|Any CPU = Debug|Any CPU
		Release|Any CPU = Release|Any CPU
	EndGlobalSection
	GlobalSection(ProjectConfigurationPlatforms) = postSolution
		{62BB3C54-DB9B-4417-A105-A3DEF6531BE0}.Debug|Any CPU.ActiveCfg = Debug|Any CPU
		{62BB3C54-DB9B-4417-A105-A3DEF6531BE0}.Debug|Any CPU.Build.0 = Debug|Any CPU
		{62BB3C54-DB9B-4417-A105-A3DEF6531BE0}.Release|Any CPU.ActiveCfg = Release|Any CPU
		{62BB3C54-DB9B-4417-A105-A3DEF6531BE0}.Release|Any CPU.Build.0 = Release|Any CPU
		{0302A694-05EA-4396-A9E1-F63EC8D860BE}.Debug|Any CPU.ActiveCfg = Debug|Any CPU
		{0302A694-05EA-4396-A9E1-F63EC8D860BE}.Debug|Any CPU.Build.0 = Debug|Any CPU
		{0302A694-05EA-4396-A9E1-F63EC8D860BE}.Release|Any CPU.ActiveCfg = Release|Any CPU
		{0302A694-05EA-4396-A9E1-F63EC8D860BE}.Release|Any CPU.Build.0 = Release|Any CPU
		{3364B1DE-BAFE-4D57-91A6-8F3F5FE0FD1A}.Debug|Any CPU.ActiveCfg = Debug|Any CPU
		{3364B1DE-BAFE-4D57-91A6-8F3F5FE0FD1A}.Debug|Any CPU.Build.0 = Debug|Any CPU
		{3364B1DE-BAFE-4D57-91A6-8F3F5FE0FD1A}.Release|Any CPU.ActiveCfg = Release|Any CPU
		{3364B1DE-BAFE-4D57-91A6-8F3F5FE0FD1A}.Release|Any CPU.Build.0 = Release|Any CPU
		{568EE909-BA91-486F-869A-8625ECE91EAF}.Debug|Any CPU.ActiveCfg = Debug|Any CPU
		{568EE909-BA91-486F-869A-8625ECE91EAF}.Debug|Any CPU.Build.0 = Debug|Any CPU
		{568EE909-BA91-486F-869A-8625ECE91EAF}.Release|Any CPU.ActiveCfg = Release|Any CPU
		{568EE909-BA91-486F-869A-8625ECE91EAF}.Release|Any CPU.Build.0 = Release|Any CPU
		{13F06DE5-38D0-41D8-BCF8-9D305D012247}.Debug|Any CPU.ActiveCfg = Debug|Any CPU
		{13F06DE5-38D0-41D8-BCF8-9D305D012247}.Debug|Any CPU.Build.0 = Debug|Any CPU
		{13F06DE5-38D0-41D8-BCF8-9D305D012247}.Release|Any CPU.ActiveCfg = Release|Any CPU
		{13F06DE5-38D0-41D8-BCF8-9D305D012247}.Release|Any CPU.Build.0 = Release|Any CPU
		{79E1746D-0A99-4077-83F0-849D2DB1B4B1}.Debug|Any CPU.ActiveCfg = Debug|Any CPU
		{79E1746D-0A99-4077-83F0-849D2DB1B4B1}.Debug|Any CPU.Build.0 = Debug|Any CPU
		{79E1746D-0A99-4077-83F0-849D2DB1B4B1}.Release|Any CPU.ActiveCfg = Release|Any CPU
		{79E1746D-0A99-4077-83F0-849D2DB1B4B1}.Release|Any CPU.Build.0 = Release|Any CPU
		{DD7BD2B0-916B-49D5-A1A6-25DD7A158DD2}.Debug|Any CPU.ActiveCfg = Debug|Any CPU
		{DD7BD2B0-916B-49D5-A1A6-25DD7A158DD2}.Debug|Any CPU.Build.0 = Debug|Any CPU
		{DD7BD2B0-916B-49D5-A1A6-25DD7A158DD2}.Release|Any CPU.ActiveCfg = Release|Any CPU
		{DD7BD2B0-916B-49D5-A1A6-25DD7A158DD2}.Release|Any CPU.Build.0 = Release|Any CPU
		{E820FABB-3D22-42B7-82B1-209AEAD6FA18}.Debug|Any CPU.ActiveCfg = Debug|Any CPU
		{E820FABB-3D22-42B7-82B1-209AEAD6FA18}.Debug|Any CPU.Build.0 = Debug|Any CPU
		{E820FABB-3D22-42B7-82B1-209AEAD6FA18}.Release|Any CPU.ActiveCfg = Release|Any CPU
		{E820FABB-3D22-42B7-82B1-209AEAD6FA18}.Release|Any CPU.Build.0 = Release|Any CPU
		{5088201F-7D90-4BF8-997E-B772A0BA4207}.Debug|Any CPU.ActiveCfg = Debug|Any CPU
		{5088201F-7D90-4BF8-997E-B772A0BA4207}.Debug|Any CPU.Build.0 = Debug|Any CPU
		{5088201F-7D90-4BF8-997E-B772A0BA4207}.Release|Any CPU.ActiveCfg = Release|Any CPU
		{5088201F-7D90-4BF8-997E-B772A0BA4207}.Release|Any CPU.Build.0 = Release|Any CPU
		{1F864A41-D04F-46CA-8C25-295CA7A794ED}.Debug|Any CPU.ActiveCfg = Debug|Any CPU
		{1F864A41-D04F-46CA-8C25-295CA7A794ED}.Debug|Any CPU.Build.0 = Debug|Any CPU
		{1F864A41-D04F-46CA-8C25-295CA7A794ED}.Release|Any CPU.ActiveCfg = Release|Any CPU
		{1F864A41-D04F-46CA-8C25-295CA7A794ED}.Release|Any CPU.Build.0 = Release|Any CPU
		{B5C42AC2-FCFD-441D-A919-C1F818541D9F}.Debug|Any CPU.ActiveCfg = Debug|Any CPU
		{B5C42AC2-FCFD-441D-A919-C1F818541D9F}.Debug|Any CPU.Build.0 = Debug|Any CPU
		{B5C42AC2-FCFD-441D-A919-C1F818541D9F}.Release|Any CPU.ActiveCfg = Release|Any CPU
		{B5C42AC2-FCFD-441D-A919-C1F818541D9F}.Release|Any CPU.Build.0 = Release|Any CPU
	EndGlobalSection
	GlobalSection(SolutionProperties) = preSolution
		HideSolutionNode = FALSE
	EndGlobalSection
EndGlobal
